// !$*UTF8*$!
{
	archiveVersion = 1;
	classes = {
	};
	objectVersion = 51;
	objects = {

/* Begin PBXBuildFile section */
		325AEF4524166009008F8C85 /* AlamofireNetworkRequest.swift in Sources */ = {isa = PBXBuildFile; fileRef = 325AEF4424166009008F8C85 /* AlamofireNetworkRequest.swift */; };
		3281515124125E0E000F3D06 /* AppDelegate.swift in Sources */ = {isa = PBXBuildFile; fileRef = 3281515024125E0E000F3D06 /* AppDelegate.swift */; };
		3281515324125E0E000F3D06 /* SceneDelegate.swift in Sources */ = {isa = PBXBuildFile; fileRef = 3281515224125E0E000F3D06 /* SceneDelegate.swift */; };
		3281515524125E0E000F3D06 /* ViewController.swift in Sources */ = {isa = PBXBuildFile; fileRef = 3281515424125E0E000F3D06 /* ViewController.swift */; };
		3281515824125E0E000F3D06 /* Main.storyboard in Resources */ = {isa = PBXBuildFile; fileRef = 3281515624125E0E000F3D06 /* Main.storyboard */; };
		3281515A24125E0F000F3D06 /* Assets.xcassets in Resources */ = {isa = PBXBuildFile; fileRef = 3281515924125E0F000F3D06 /* Assets.xcassets */; };
		3281515D24125E0F000F3D06 /* LaunchScreen.storyboard in Resources */ = {isa = PBXBuildFile; fileRef = 3281515B24125E0F000F3D06 /* LaunchScreen.storyboard */; };
		32B9CC322413A9B200F31F38 /* CoursesViewController.swift in Sources */ = {isa = PBXBuildFile; fileRef = 32B9CC312413A9B200F31F38 /* CoursesViewController.swift */; };
		32B9CC342413BE6100F31F38 /* WebViewController.swift in Sources */ = {isa = PBXBuildFile; fileRef = 32B9CC332413BE6100F31F38 /* WebViewController.swift */; };
		32B9CC362413C2DD00F31F38 /* TableViewCell.swift in Sources */ = {isa = PBXBuildFile; fileRef = 32B9CC352413C2DD00F31F38 /* TableViewCell.swift */; };
		32B9CC382413C6E400F31F38 /* Course.swift in Sources */ = {isa = PBXBuildFile; fileRef = 32B9CC372413C6E400F31F38 /* Course.swift */; };
		32B9CC3A24143B2300F31F38 /* WebsiteDescription.swift in Sources */ = {isa = PBXBuildFile; fileRef = 32B9CC3924143B2300F31F38 /* WebsiteDescription.swift */; };
		32B9CC3C2415096700F31F38 /* MainCollectionVC.swift in Sources */ = {isa = PBXBuildFile; fileRef = 32B9CC3B2415096700F31F38 /* MainCollectionVC.swift */; };
		32B9CC3E2415097C00F31F38 /* CollectionViewCell.swift in Sources */ = {isa = PBXBuildFile; fileRef = 32B9CC3D2415097C00F31F38 /* CollectionViewCell.swift */; };
		32B9CC402415145000F31F38 /* NetworkManager.swift in Sources */ = {isa = PBXBuildFile; fileRef = 32B9CC3F2415145000F31F38 /* NetworkManager.swift */; };
		32B9CC4224152DE000F31F38 /* ImageProperties.swift in Sources */ = {isa = PBXBuildFile; fileRef = 32B9CC4124152DDF00F31F38 /* ImageProperties.swift */; };
		32B9CC442415733200F31F38 /* DataProvider.swift in Sources */ = {isa = PBXBuildFile; fileRef = 32B9CC432415733200F31F38 /* DataProvider.swift */; };
		FCCA53C1C7AA4EF350CFF73E /* Pods_Networking.framework in Frameworks */ = {isa = PBXBuildFile; fileRef = 480E99B39B029F32962A26DD /* Pods_Networking.framework */; };
/* End PBXBuildFile section */

/* Begin PBXFileReference section */
		1935DA30118C557F56BA4791 /* Pods-Networking.debug.xcconfig */ = {isa = PBXFileReference; includeInIndex = 1; lastKnownFileType = text.xcconfig; name = "Pods-Networking.debug.xcconfig"; path = "Target Support Files/Pods-Networking/Pods-Networking.debug.xcconfig"; sourceTree = "<group>"; };
		325AEF4424166009008F8C85 /* AlamofireNetworkRequest.swift */ = {isa = PBXFileReference; lastKnownFileType = sourcecode.swift; path = AlamofireNetworkRequest.swift; sourceTree = "<group>"; };
		3281514D24125E0E000F3D06 /* Networking.app */ = {isa = PBXFileReference; explicitFileType = wrapper.application; includeInIndex = 0; path = Networking.app; sourceTree = BUILT_PRODUCTS_DIR; };
		3281515024125E0E000F3D06 /* AppDelegate.swift */ = {isa = PBXFileReference; lastKnownFileType = sourcecode.swift; path = AppDelegate.swift; sourceTree = "<group>"; };
		3281515224125E0E000F3D06 /* SceneDelegate.swift */ = {isa = PBXFileReference; lastKnownFileType = sourcecode.swift; path = SceneDelegate.swift; sourceTree = "<group>"; };
		3281515424125E0E000F3D06 /* ViewController.swift */ = {isa = PBXFileReference; lastKnownFileType = sourcecode.swift; path = ViewController.swift; sourceTree = "<group>"; };
		3281515724125E0E000F3D06 /* Base */ = {isa = PBXFileReference; lastKnownFileType = file.storyboard; name = Base; path = Base.lproj/Main.storyboard; sourceTree = "<group>"; };
		3281515924125E0F000F3D06 /* Assets.xcassets */ = {isa = PBXFileReference; lastKnownFileType = folder.assetcatalog; path = Assets.xcassets; sourceTree = "<group>"; };
		3281515C24125E0F000F3D06 /* Base */ = {isa = PBXFileReference; lastKnownFileType = file.storyboard; name = Base; path = Base.lproj/LaunchScreen.storyboard; sourceTree = "<group>"; };
		3281515E24125E0F000F3D06 /* Info.plist */ = {isa = PBXFileReference; lastKnownFileType = text.plist.xml; path = Info.plist; sourceTree = "<group>"; };
		32B9CC312413A9B200F31F38 /* CoursesViewController.swift */ = {isa = PBXFileReference; lastKnownFileType = sourcecode.swift; path = CoursesViewController.swift; sourceTree = "<group>"; };
		32B9CC332413BE6100F31F38 /* WebViewController.swift */ = {isa = PBXFileReference; lastKnownFileType = sourcecode.swift; path = WebViewController.swift; sourceTree = "<group>"; };
		32B9CC352413C2DD00F31F38 /* TableViewCell.swift */ = {isa = PBXFileReference; lastKnownFileType = sourcecode.swift; path = TableViewCell.swift; sourceTree = "<group>"; };
		32B9CC372413C6E400F31F38 /* Course.swift */ = {isa = PBXFileReference; lastKnownFileType = sourcecode.swift; path = Course.swift; sourceTree = "<group>"; };
		32B9CC3924143B2300F31F38 /* WebsiteDescription.swift */ = {isa = PBXFileReference; lastKnownFileType = sourcecode.swift; path = WebsiteDescription.swift; sourceTree = "<group>"; };
		32B9CC3B2415096700F31F38 /* MainCollectionVC.swift */ = {isa = PBXFileReference; lastKnownFileType = sourcecode.swift; path = MainCollectionVC.swift; sourceTree = "<group>"; };
		32B9CC3D2415097C00F31F38 /* CollectionViewCell.swift */ = {isa = PBXFileReference; lastKnownFileType = sourcecode.swift; path = CollectionViewCell.swift; sourceTree = "<group>"; };
		32B9CC3F2415145000F31F38 /* NetworkManager.swift */ = {isa = PBXFileReference; lastKnownFileType = sourcecode.swift; path = NetworkManager.swift; sourceTree = "<group>"; };
		32B9CC4124152DDF00F31F38 /* ImageProperties.swift */ = {isa = PBXFileReference; lastKnownFileType = sourcecode.swift; path = ImageProperties.swift; sourceTree = "<group>"; };
		32B9CC432415733200F31F38 /* DataProvider.swift */ = {isa = PBXFileReference; lastKnownFileType = sourcecode.swift; path = DataProvider.swift; sourceTree = "<group>"; };
		480E99B39B029F32962A26DD /* Pods_Networking.framework */ = {isa = PBXFileReference; explicitFileType = wrapper.framework; includeInIndex = 0; path = Pods_Networking.framework; sourceTree = BUILT_PRODUCTS_DIR; };
		BC3C1C9E1BDE7F1DE61363DB /* Pods-Networking.release.xcconfig */ = {isa = PBXFileReference; includeInIndex = 1; lastKnownFileType = text.xcconfig; name = "Pods-Networking.release.xcconfig"; path = "Target Support Files/Pods-Networking/Pods-Networking.release.xcconfig"; sourceTree = "<group>"; };
/* End PBXFileReference section */

/* Begin PBXFrameworksBuildPhase section */
		3281514A24125E0E000F3D06 /* Frameworks */ = {
			isa = PBXFrameworksBuildPhase;
			buildActionMask = 2147483647;
			files = (
				FCCA53C1C7AA4EF350CFF73E /* Pods_Networking.framework in Frameworks */,
			);
			runOnlyForDeploymentPostprocessing = 0;
		};
/* End PBXFrameworksBuildPhase section */

/* Begin PBXGroup section */
		3281514424125E0E000F3D06 = {
			isa = PBXGroup;
			children = (
				3281514F24125E0E000F3D06 /* Networking */,
				3281514E24125E0E000F3D06 /* Products */,
				899A133C3017B26F821BA2A2 /* Pods */,
				E32277AD5F7BE5C2C70BA01B /* Frameworks */,
			);
			sourceTree = "<group>";
		};
		3281514E24125E0E000F3D06 /* Products */ = {
			isa = PBXGroup;
			children = (
				3281514D24125E0E000F3D06 /* Networking.app */,
			);
			name = Products;
			sourceTree = "<group>";
		};
		3281514F24125E0E000F3D06 /* Networking */ = {
			isa = PBXGroup;
			children = (
				3281515024125E0E000F3D06 /* AppDelegate.swift */,
				3281515224125E0E000F3D06 /* SceneDelegate.swift */,
				32B9CC3F2415145000F31F38 /* NetworkManager.swift */,
				32B9CC3B2415096700F31F38 /* MainCollectionVC.swift */,
				325AEF4424166009008F8C85 /* AlamofireNetworkRequest.swift */,
				3281515424125E0E000F3D06 /* ViewController.swift */,
				32B9CC312413A9B200F31F38 /* CoursesViewController.swift */,
				32B9CC432415733200F31F38 /* DataProvider.swift */,
				32B9CC3D2415097C00F31F38 /* CollectionViewCell.swift */,
				32B9CC4124152DDF00F31F38 /* ImageProperties.swift */,
				32B9CC3924143B2300F31F38 /* WebsiteDescription.swift */,
				32B9CC372413C6E400F31F38 /* Course.swift */,
				32B9CC352413C2DD00F31F38 /* TableViewCell.swift */,
				32B9CC332413BE6100F31F38 /* WebViewController.swift */,
				3281515624125E0E000F3D06 /* Main.storyboard */,
				3281515924125E0F000F3D06 /* Assets.xcassets */,
				3281515B24125E0F000F3D06 /* LaunchScreen.storyboard */,
				3281515E24125E0F000F3D06 /* Info.plist */,
			);
			path = Networking;
			sourceTree = "<group>";
		};
		899A133C3017B26F821BA2A2 /* Pods */ = {
			isa = PBXGroup;
			children = (
				1935DA30118C557F56BA4791 /* Pods-Networking.debug.xcconfig */,
				BC3C1C9E1BDE7F1DE61363DB /* Pods-Networking.release.xcconfig */,
			);
			path = Pods;
			sourceTree = "<group>";
		};
		E32277AD5F7BE5C2C70BA01B /* Frameworks */ = {
			isa = PBXGroup;
			children = (
				480E99B39B029F32962A26DD /* Pods_Networking.framework */,
			);
			name = Frameworks;
			sourceTree = "<group>";
		};
/* End PBXGroup section */

/* Begin PBXNativeTarget section */
		3281514C24125E0E000F3D06 /* Networking */ = {
			isa = PBXNativeTarget;
			buildConfigurationList = 3281516124125E0F000F3D06 /* Build configuration list for PBXNativeTarget "Networking" */;
			buildPhases = (
				DF3C91B67B51235AA8F1D0EA /* [CP] Check Pods Manifest.lock */,
				3281514924125E0E000F3D06 /* Sources */,
				3281514A24125E0E000F3D06 /* Frameworks */,
				3281514B24125E0E000F3D06 /* Resources */,
				7979370794630A1ACDAFD67F /* [CP] Embed Pods Frameworks */,
			);
			buildRules = (
			);
			dependencies = (
			);
			name = Networking;
			productName = Networking;
			productReference = 3281514D24125E0E000F3D06 /* Networking.app */;
			productType = "com.apple.product-type.application";
		};
/* End PBXNativeTarget section */

/* Begin PBXProject section */
		3281514524125E0E000F3D06 /* Project object */ = {
			isa = PBXProject;
			attributes = {
				LastSwiftUpdateCheck = 1130;
				LastUpgradeCheck = 1130;
				ORGANIZATIONNAME = DmitriyYatsyuk;
				TargetAttributes = {
					3281514C24125E0E000F3D06 = {
						CreatedOnToolsVersion = 11.3.1;
					};
				};
			};
			buildConfigurationList = 3281514824125E0E000F3D06 /* Build configuration list for PBXProject "Networking" */;
			compatibilityVersion = "Xcode 9.3";
			developmentRegion = en;
			hasScannedForEncodings = 0;
			knownRegions = (
				en,
				Base,
			);
			mainGroup = 3281514424125E0E000F3D06;
			productRefGroup = 3281514E24125E0E000F3D06 /* Products */;
			projectDirPath = "";
			projectRoot = "";
			targets = (
				3281514C24125E0E000F3D06 /* Networking */,
			);
		};
/* End PBXProject section */

/* Begin PBXResourcesBuildPhase section */
		3281514B24125E0E000F3D06 /* Resources */ = {
			isa = PBXResourcesBuildPhase;
			buildActionMask = 2147483647;
			files = (
				3281515D24125E0F000F3D06 /* LaunchScreen.storyboard in Resources */,
				3281515A24125E0F000F3D06 /* Assets.xcassets in Resources */,
				3281515824125E0E000F3D06 /* Main.storyboard in Resources */,
			);
			runOnlyForDeploymentPostprocessing = 0;
		};
/* End PBXResourcesBuildPhase section */

/* Begin PBXShellScriptBuildPhase section */
		7979370794630A1ACDAFD67F /* [CP] Embed Pods Frameworks */ = {
			isa = PBXShellScriptBuildPhase;
			buildActionMask = 2147483647;
			files = (
			);
			inputFileListPaths = (
				"${PODS_ROOT}/Target Support Files/Pods-Networking/Pods-Networking-frameworks-${CONFIGURATION}-input-files.xcfilelist",
			);
			name = "[CP] Embed Pods Frameworks";
			outputFileListPaths = (
				"${PODS_ROOT}/Target Support Files/Pods-Networking/Pods-Networking-frameworks-${CONFIGURATION}-output-files.xcfilelist",
			);
			runOnlyForDeploymentPostprocessing = 0;
			shellPath = /bin/sh;
			shellScript = "\"${PODS_ROOT}/Target Support Files/Pods-Networking/Pods-Networking-frameworks.sh\"\n";
			showEnvVarsInLog = 0;
		};
		DF3C91B67B51235AA8F1D0EA /* [CP] Check Pods Manifest.lock */ = {
			isa = PBXShellScriptBuildPhase;
			buildActionMask = 2147483647;
			files = (
			);
			inputFileListPaths = (
			);
			inputPaths = (
				"${PODS_PODFILE_DIR_PATH}/Podfile.lock",
				"${PODS_ROOT}/Manifest.lock",
			);
			name = "[CP] Check Pods Manifest.lock";
			outputFileListPaths = (
			);
			outputPaths = (
				"$(DERIVED_FILE_DIR)/Pods-Networking-checkManifestLockResult.txt",
			);
			runOnlyForDeploymentPostprocessing = 0;
			shellPath = /bin/sh;
			shellScript = "diff \"${PODS_PODFILE_DIR_PATH}/Podfile.lock\" \"${PODS_ROOT}/Manifest.lock\" > /dev/null\nif [ $? != 0 ] ; then\n    # print error to STDERR\n    echo \"error: The sandbox is not in sync with the Podfile.lock. Run 'pod install' or update your CocoaPods installation.\" >&2\n    exit 1\nfi\n# This output is used by Xcode 'outputs' to avoid re-running this script phase.\necho \"SUCCESS\" > \"${SCRIPT_OUTPUT_FILE_0}\"\n";
			showEnvVarsInLog = 0;
		};
/* End PBXShellScriptBuildPhase section */

/* Begin PBXSourcesBuildPhase section */
		3281514924125E0E000F3D06 /* Sources */ = {
			isa = PBXSourcesBuildPhase;
			buildActionMask = 2147483647;
			files = (
				32B9CC402415145000F31F38 /* NetworkManager.swift in Sources */,
				32B9CC382413C6E400F31F38 /* Course.swift in Sources */,
				32B9CC3C2415096700F31F38 /* MainCollectionVC.swift in Sources */,
				3281515524125E0E000F3D06 /* ViewController.swift in Sources */,
				32B9CC342413BE6100F31F38 /* WebViewController.swift in Sources */,
				3281515124125E0E000F3D06 /* AppDelegate.swift in Sources */,
				3281515324125E0E000F3D06 /* SceneDelegate.swift in Sources */,
				325AEF4524166009008F8C85 /* AlamofireNetworkRequest.swift in Sources */,
				32B9CC3A24143B2300F31F38 /* WebsiteDescription.swift in Sources */,
				32B9CC4224152DE000F31F38 /* ImageProperties.swift in Sources */,
				32B9CC362413C2DD00F31F38 /* TableViewCell.swift in Sources */,
				32B9CC322413A9B200F31F38 /* CoursesViewController.swift in Sources */,
				32B9CC3E2415097C00F31F38 /* CollectionViewCell.swift in Sources */,
				32B9CC442415733200F31F38 /* DataProvider.swift in Sources */,
			);
			runOnlyForDeploymentPostprocessing = 0;
		};
/* End PBXSourcesBuildPhase section */

/* Begin PBXVariantGroup section */
		3281515624125E0E000F3D06 /* Main.storyboard */ = {
			isa = PBXVariantGroup;
			children = (
				3281515724125E0E000F3D06 /* Base */,
			);
			name = Main.storyboard;
			sourceTree = "<group>";
		};
		3281515B24125E0F000F3D06 /* LaunchScreen.storyboard */ = {
			isa = PBXVariantGroup;
			children = (
				3281515C24125E0F000F3D06 /* Base */,
			);
			name = LaunchScreen.storyboard;
			sourceTree = "<group>";
		};
/* End PBXVariantGroup section */

/* Begin XCBuildConfiguration section */
		3281515F24125E0F000F3D06 /* Debug */ = {
			isa = XCBuildConfiguration;
			buildSettings = {
				ALWAYS_SEARCH_USER_PATHS = NO;
				CLANG_ANALYZER_NONNULL = YES;
				CLANG_ANALYZER_NUMBER_OBJECT_CONVERSION = YES_AGGRESSIVE;
				CLANG_CXX_LANGUAGE_STANDARD = "gnu++14";
				CLANG_CXX_LIBRARY = "libc++";
				CLANG_ENABLE_MODULES = YES;
				CLANG_ENABLE_OBJC_ARC = YES;
				CLANG_ENABLE_OBJC_WEAK = YES;
				CLANG_WARN_BLOCK_CAPTURE_AUTORELEASING = YES;
				CLANG_WARN_BOOL_CONVERSION = YES;
				CLANG_WARN_COMMA = YES;
				CLANG_WARN_CONSTANT_CONVERSION = YES;
				CLANG_WARN_DEPRECATED_OBJC_IMPLEMENTATIONS = YES;
				CLANG_WARN_DIRECT_OBJC_ISA_USAGE = YES_ERROR;
				CLANG_WARN_DOCUMENTATION_COMMENTS = YES;
				CLANG_WARN_EMPTY_BODY = YES;
				CLANG_WARN_ENUM_CONVERSION = YES;
				CLANG_WARN_INFINITE_RECURSION = YES;
				CLANG_WARN_INT_CONVERSION = YES;
				CLANG_WARN_NON_LITERAL_NULL_CONVERSION = YES;
				CLANG_WARN_OBJC_IMPLICIT_RETAIN_SELF = YES;
				CLANG_WARN_OBJC_LITERAL_CONVERSION = YES;
				CLANG_WARN_OBJC_ROOT_CLASS = YES_ERROR;
				CLANG_WARN_RANGE_LOOP_ANALYSIS = YES;
				CLANG_WARN_STRICT_PROTOTYPES = YES;
				CLANG_WARN_SUSPICIOUS_MOVE = YES;
				CLANG_WARN_UNGUARDED_AVAILABILITY = YES_AGGRESSIVE;
				CLANG_WARN_UNREACHABLE_CODE = YES;
				CLANG_WARN__DUPLICATE_METHOD_MATCH = YES;
				COPY_PHASE_STRIP = NO;
				DEBUG_INFORMATION_FORMAT = dwarf;
				ENABLE_STRICT_OBJC_MSGSEND = YES;
				ENABLE_TESTABILITY = YES;
				GCC_C_LANGUAGE_STANDARD = gnu11;
				GCC_DYNAMIC_NO_PIC = NO;
				GCC_NO_COMMON_BLOCKS = YES;
				GCC_OPTIMIZATION_LEVEL = 0;
				GCC_PREPROCESSOR_DEFINITIONS = (
					"DEBUG=1",
					"$(inherited)",
				);
				GCC_WARN_64_TO_32_BIT_CONVERSION = YES;
				GCC_WARN_ABOUT_RETURN_TYPE = YES_ERROR;
				GCC_WARN_UNDECLARED_SELECTOR = YES;
				GCC_WARN_UNINITIALIZED_AUTOS = YES_AGGRESSIVE;
				GCC_WARN_UNUSED_FUNCTION = YES;
				GCC_WARN_UNUSED_VARIABLE = YES;
				IPHONEOS_DEPLOYMENT_TARGET = 13.2;
				MTL_ENABLE_DEBUG_INFO = INCLUDE_SOURCE;
				MTL_FAST_MATH = YES;
				ONLY_ACTIVE_ARCH = YES;
				SDKROOT = iphoneos;
				SWIFT_ACTIVE_COMPILATION_CONDITIONS = DEBUG;
				SWIFT_OPTIMIZATION_LEVEL = "-Onone";
			};
			name = Debug;
		};
		3281516024125E0F000F3D06 /* Release */ = {
			isa = XCBuildConfiguration;
			buildSettings = {
				ALWAYS_SEARCH_USER_PATHS = NO;
				CLANG_ANALYZER_NONNULL = YES;
				CLANG_ANALYZER_NUMBER_OBJECT_CONVERSION = YES_AGGRESSIVE;
				CLANG_CXX_LANGUAGE_STANDARD = "gnu++14";
				CLANG_CXX_LIBRARY = "libc++";
				CLANG_ENABLE_MODULES = YES;
				CLANG_ENABLE_OBJC_ARC = YES;
				CLANG_ENABLE_OBJC_WEAK = YES;
				CLANG_WARN_BLOCK_CAPTURE_AUTORELEASING = YES;
				CLANG_WARN_BOOL_CONVERSION = YES;
				CLANG_WARN_COMMA = YES;
				CLANG_WARN_CONSTANT_CONVERSION = YES;
				CLANG_WARN_DEPRECATED_OBJC_IMPLEMENTATIONS = YES;
				CLANG_WARN_DIRECT_OBJC_ISA_USAGE = YES_ERROR;
				CLANG_WARN_DOCUMENTATION_COMMENTS = YES;
				CLANG_WARN_EMPTY_BODY = YES;
				CLANG_WARN_ENUM_CONVERSION = YES;
				CLANG_WARN_INFINITE_RECURSION = YES;
				CLANG_WARN_INT_CONVERSION = YES;
				CLANG_WARN_NON_LITERAL_NULL_CONVERSION = YES;
				CLANG_WARN_OBJC_IMPLICIT_RETAIN_SELF = YES;
				CLANG_WARN_OBJC_LITERAL_CONVERSION = YES;
				CLANG_WARN_OBJC_ROOT_CLASS = YES_ERROR;
				CLANG_WARN_RANGE_LOOP_ANALYSIS = YES;
				CLANG_WARN_STRICT_PROTOTYPES = YES;
				CLANG_WARN_SUSPICIOUS_MOVE = YES;
				CLANG_WARN_UNGUARDED_AVAILABILITY = YES_AGGRESSIVE;
				CLANG_WARN_UNREACHABLE_CODE = YES;
				CLANG_WARN__DUPLICATE_METHOD_MATCH = YES;
				COPY_PHASE_STRIP = NO;
				DEBUG_INFORMATION_FORMAT = "dwarf-with-dsym";
				ENABLE_NS_ASSERTIONS = NO;
				ENABLE_STRICT_OBJC_MSGSEND = YES;
				GCC_C_LANGUAGE_STANDARD = gnu11;
				GCC_NO_COMMON_BLOCKS = YES;
				GCC_WARN_64_TO_32_BIT_CONVERSION = YES;
				GCC_WARN_ABOUT_RETURN_TYPE = YES_ERROR;
				GCC_WARN_UNDECLARED_SELECTOR = YES;
				GCC_WARN_UNINITIALIZED_AUTOS = YES_AGGRESSIVE;
				GCC_WARN_UNUSED_FUNCTION = YES;
				GCC_WARN_UNUSED_VARIABLE = YES;
				IPHONEOS_DEPLOYMENT_TARGET = 13.2;
				MTL_ENABLE_DEBUG_INFO = NO;
				MTL_FAST_MATH = YES;
				SDKROOT = iphoneos;
				SWIFT_COMPILATION_MODE = wholemodule;
				SWIFT_OPTIMIZATION_LEVEL = "-O";
				VALIDATE_PRODUCT = YES;
			};
			name = Release;
		};
		3281516224125E0F000F3D06 /* Debug */ = {
			isa = XCBuildConfiguration;
			baseConfigurationReference = 1935DA30118C557F56BA4791 /* Pods-Networking.debug.xcconfig */;
			buildSettings = {
				ASSETCATALOG_COMPILER_APPICON_NAME = AppIcon;
				CODE_SIGN_STYLE = Automatic;
				DEVELOPMENT_TEAM = 2V83UZ9AV3;
				INFOPLIST_FILE = Networking/Info.plist;
				LD_RUNPATH_SEARCH_PATHS = (
					"$(inherited)",
					"@executable_path/Frameworks",
				);
				PRODUCT_BUNDLE_IDENTIFIER = "ru.yatsyuk.dev-mail.Networking";
				PRODUCT_NAME = "$(TARGET_NAME)";
				SWIFT_VERSION = 5.0;
				TARGETED_DEVICE_FAMILY = "1,2";
			};
			name = Debug;
		};
		3281516324125E0F000F3D06 /* Release */ = {
			isa = XCBuildConfiguration;
			baseConfigurationReference = BC3C1C9E1BDE7F1DE61363DB /* Pods-Networking.release.xcconfig */;
			buildSettings = {
				ASSETCATALOG_COMPILER_APPICON_NAME = AppIcon;
				CODE_SIGN_STYLE = Automatic;
				DEVELOPMENT_TEAM = 2V83UZ9AV3;
				INFOPLIST_FILE = Networking/Info.plist;
				LD_RUNPATH_SEARCH_PATHS = (
					"$(inherited)",
					"@executable_path/Frameworks",
				);
				PRODUCT_BUNDLE_IDENTIFIER = "ru.yatsyuk.dev-mail.Networking";
				PRODUCT_NAME = "$(TARGET_NAME)";
				SWIFT_VERSION = 5.0;
				TARGETED_DEVICE_FAMILY = "1,2";
			};
			name = Release;
		};
/* End XCBuildConfiguration section */

/* Begin XCConfigurationList section */
		3281514824125E0E000F3D06 /* Build configuration list for PBXProject "Networking" */ = {
			isa = XCConfigurationList;
			buildConfigurations = (
				3281515F24125E0F000F3D06 /* Debug */,
				3281516024125E0F000F3D06 /* Release */,
			);
			defaultConfigurationIsVisible = 0;
			defaultConfigurationName = Release;
		};
		3281516124125E0F000F3D06 /* Build configuration list for PBXNativeTarget "Networking" */ = {
			isa = XCConfigurationList;
			buildConfigurations = (
				3281516224125E0F000F3D06 /* Debug */,
				3281516324125E0F000F3D06 /* Release */,
			);
			defaultConfigurationIsVisible = 0;
			defaultConfigurationName = Release;
		};
/* End XCConfigurationList section */
	};
	rootObject = 3281514524125E0E000F3D06 /* Project object */;
}
